// !$*UTF8*$!
{
	archiveVersion = 1;
	classes = {
	};
	objectVersion = 55;
	objects = {

/* Begin PBXBuildFile section */
		6506F62E292C8D1600A17AC3 /* ProductDetailViewController.swift in Sources */ = {isa = PBXBuildFile; fileRef = 6506F62D292C8D1600A17AC3 /* ProductDetailViewController.swift */; };
		6506F632292C988600A17AC3 /* ProductDetailRepository.swift in Sources */ = {isa = PBXBuildFile; fileRef = 6506F631292C988600A17AC3 /* ProductDetailRepository.swift */; };
		6506F635292C992100A17AC3 /* ProductDetailDataProtocol.swift in Sources */ = {isa = PBXBuildFile; fileRef = 6506F634292C992100A17AC3 /* ProductDetailDataProtocol.swift */; };
		6525712429273B9300D46BF2 /* AppDelegate.swift in Sources */ = {isa = PBXBuildFile; fileRef = 6525712329273B9300D46BF2 /* AppDelegate.swift */; };
		6525712629273B9300D46BF2 /* SceneDelegate.swift in Sources */ = {isa = PBXBuildFile; fileRef = 6525712529273B9300D46BF2 /* SceneDelegate.swift */; };
		6525712829273B9300D46BF2 /* HomeViewController.swift in Sources */ = {isa = PBXBuildFile; fileRef = 6525712729273B9300D46BF2 /* HomeViewController.swift */; };
		6525712B29273B9300D46BF2 /* Main.storyboard in Resources */ = {isa = PBXBuildFile; fileRef = 6525712929273B9300D46BF2 /* Main.storyboard */; };
		6525712E29273B9300D46BF2 /* ShopKartApp.xcdatamodeld in Sources */ = {isa = PBXBuildFile; fileRef = 6525712C29273B9300D46BF2 /* ShopKartApp.xcdatamodeld */; };
		6525713029273B9400D46BF2 /* Assets.xcassets in Resources */ = {isa = PBXBuildFile; fileRef = 6525712F29273B9400D46BF2 /* Assets.xcassets */; };
		6525713329273B9400D46BF2 /* LaunchScreen.storyboard in Resources */ = {isa = PBXBuildFile; fileRef = 6525713129273B9400D46BF2 /* LaunchScreen.storyboard */; };
		6525713D2927432B00D46BF2 /* HomeTableViewCell.swift in Sources */ = {isa = PBXBuildFile; fileRef = 6525713B2927432B00D46BF2 /* HomeTableViewCell.swift */; };
		6525713E2927432B00D46BF2 /* HomeTableViewCell.xib in Resources */ = {isa = PBXBuildFile; fileRef = 6525713C2927432B00D46BF2 /* HomeTableViewCell.xib */; };
		652571412927476800D46BF2 /* Product.swift in Sources */ = {isa = PBXBuildFile; fileRef = 652571402927476800D46BF2 /* Product.swift */; };
		6525714429274A5600D46BF2 /* HomeDataRepositoryImpl.swift in Sources */ = {isa = PBXBuildFile; fileRef = 6525714329274A5600D46BF2 /* HomeDataRepositoryImpl.swift */; };
		6525714729274A9100D46BF2 /* HomeDataRepository.swift in Sources */ = {isa = PBXBuildFile; fileRef = 6525714629274A9100D46BF2 /* HomeDataRepository.swift */; };
		6525714A2927633C00D46BF2 /* ImageExtensions.swift in Sources */ = {isa = PBXBuildFile; fileRef = 652571492927633C00D46BF2 /* ImageExtensions.swift */; };
		6525714F29276B7500D46BF2 /* AppConstants.swift in Sources */ = {isa = PBXBuildFile; fileRef = 6525714E29276B7500D46BF2 /* AppConstants.swift */; };
		65686DF1292B667600FF8D20 /* CategoryClickedHandler.swift in Sources */ = {isa = PBXBuildFile; fileRef = 65686DF0292B667600FF8D20 /* CategoryClickedHandler.swift */; };
		65686DF4292B69F700FF8D20 /* ProductListViewController.swift in Sources */ = {isa = PBXBuildFile; fileRef = 65686DF3292B69F700FF8D20 /* ProductListViewController.swift */; };
		6577F5C1292796CA005E8F56 /* HomeCategoriesViewCell.swift in Sources */ = {isa = PBXBuildFile; fileRef = 6577F5BF292796CA005E8F56 /* HomeCategoriesViewCell.swift */; };
		6577F5C2292796CA005E8F56 /* HomeCategoriesViewCell.xib in Resources */ = {isa = PBXBuildFile; fileRef = 6577F5C0292796CA005E8F56 /* HomeCategoriesViewCell.xib */; };
		65A80D8F292CB84E00EE6CF1 /* ProductClickedHandler.swift in Sources */ = {isa = PBXBuildFile; fileRef = 65A80D8E292CB84E00EE6CF1 /* ProductClickedHandler.swift */; };
		65A80D92292CCB6400EE6CF1 /* ProfileScreenController.swift in Sources */ = {isa = PBXBuildFile; fileRef = 65A80D91292CCB6400EE6CF1 /* ProfileScreenController.swift */; };
		65F88A7F292B82F1008A517E /* CategoryDetailCell.swift in Sources */ = {isa = PBXBuildFile; fileRef = 65F88A7D292B82F1008A517E /* CategoryDetailCell.swift */; };
		65F88A80292B82F1008A517E /* CategoryDetailCell.xib in Resources */ = {isa = PBXBuildFile; fileRef = 65F88A7E292B82F1008A517E /* CategoryDetailCell.xib */; };
		65F88A83292B86FF008A517E /* ProductListClickHandler.swift in Sources */ = {isa = PBXBuildFile; fileRef = 65F88A82292B86FF008A517E /* ProductListClickHandler.swift */; };
		65F88A86292B881C008A517E /* ProductListRepository.swift in Sources */ = {isa = PBXBuildFile; fileRef = 65F88A85292B881C008A517E /* ProductListRepository.swift */; };
		DBEAE87138E582CEF2BEB3AA /* Pods_ShopKartApp.framework in Frameworks */ = {isa = PBXBuildFile; fileRef = FE1483DE0F7899DDCF1ACFC6 /* Pods_ShopKartApp.framework */; };
/* End PBXBuildFile section */

/* Begin PBXFileReference section */
		6506F62D292C8D1600A17AC3 /* ProductDetailViewController.swift */ = {isa = PBXFileReference; lastKnownFileType = sourcecode.swift; path = ProductDetailViewController.swift; sourceTree = "<group>"; };
		6506F631292C988600A17AC3 /* ProductDetailRepository.swift */ = {isa = PBXFileReference; lastKnownFileType = sourcecode.swift; path = ProductDetailRepository.swift; sourceTree = "<group>"; };
		6506F634292C992100A17AC3 /* ProductDetailDataProtocol.swift */ = {isa = PBXFileReference; lastKnownFileType = sourcecode.swift; path = ProductDetailDataProtocol.swift; sourceTree = "<group>"; };
		6525712029273B9300D46BF2 /* ShopKartApp.app */ = {isa = PBXFileReference; explicitFileType = wrapper.application; includeInIndex = 0; path = ShopKartApp.app; sourceTree = BUILT_PRODUCTS_DIR; };
		6525712329273B9300D46BF2 /* AppDelegate.swift */ = {isa = PBXFileReference; lastKnownFileType = sourcecode.swift; path = AppDelegate.swift; sourceTree = "<group>"; };
		6525712529273B9300D46BF2 /* SceneDelegate.swift */ = {isa = PBXFileReference; lastKnownFileType = sourcecode.swift; path = SceneDelegate.swift; sourceTree = "<group>"; };
		6525712729273B9300D46BF2 /* HomeViewController.swift */ = {isa = PBXFileReference; lastKnownFileType = sourcecode.swift; path = HomeViewController.swift; sourceTree = "<group>"; };
		6525712A29273B9300D46BF2 /* Base */ = {isa = PBXFileReference; lastKnownFileType = file.storyboard; name = Base; path = Base.lproj/Main.storyboard; sourceTree = "<group>"; };
		6525712D29273B9300D46BF2 /* ShopKartApp.xcdatamodel */ = {isa = PBXFileReference; lastKnownFileType = wrapper.xcdatamodel; path = ShopKartApp.xcdatamodel; sourceTree = "<group>"; };
		6525712F29273B9400D46BF2 /* Assets.xcassets */ = {isa = PBXFileReference; lastKnownFileType = folder.assetcatalog; path = Assets.xcassets; sourceTree = "<group>"; };
		6525713229273B9400D46BF2 /* Base */ = {isa = PBXFileReference; lastKnownFileType = file.storyboard; name = Base; path = Base.lproj/LaunchScreen.storyboard; sourceTree = "<group>"; };
		6525713429273B9400D46BF2 /* Info.plist */ = {isa = PBXFileReference; lastKnownFileType = text.plist.xml; path = Info.plist; sourceTree = "<group>"; };
		6525713B2927432B00D46BF2 /* HomeTableViewCell.swift */ = {isa = PBXFileReference; lastKnownFileType = sourcecode.swift; path = HomeTableViewCell.swift; sourceTree = "<group>"; };
		6525713C2927432B00D46BF2 /* HomeTableViewCell.xib */ = {isa = PBXFileReference; lastKnownFileType = file.xib; path = HomeTableViewCell.xib; sourceTree = "<group>"; };
		652571402927476800D46BF2 /* Product.swift */ = {isa = PBXFileReference; lastKnownFileType = sourcecode.swift; path = Product.swift; sourceTree = "<group>"; };
		6525714329274A5600D46BF2 /* HomeDataRepositoryImpl.swift */ = {isa = PBXFileReference; lastKnownFileType = sourcecode.swift; path = HomeDataRepositoryImpl.swift; sourceTree = "<group>"; };
		6525714629274A9100D46BF2 /* HomeDataRepository.swift */ = {isa = PBXFileReference; lastKnownFileType = sourcecode.swift; path = HomeDataRepository.swift; sourceTree = "<group>"; };
		652571492927633C00D46BF2 /* ImageExtensions.swift */ = {isa = PBXFileReference; lastKnownFileType = sourcecode.swift; path = ImageExtensions.swift; sourceTree = "<group>"; };
		6525714E29276B7500D46BF2 /* AppConstants.swift */ = {isa = PBXFileReference; lastKnownFileType = sourcecode.swift; path = AppConstants.swift; sourceTree = "<group>"; };
		65686DF0292B667600FF8D20 /* CategoryClickedHandler.swift */ = {isa = PBXFileReference; lastKnownFileType = sourcecode.swift; path = CategoryClickedHandler.swift; sourceTree = "<group>"; };
		65686DF3292B69F700FF8D20 /* ProductListViewController.swift */ = {isa = PBXFileReference; lastKnownFileType = sourcecode.swift; path = ProductListViewController.swift; sourceTree = "<group>"; };
		6577F5BF292796CA005E8F56 /* HomeCategoriesViewCell.swift */ = {isa = PBXFileReference; lastKnownFileType = sourcecode.swift; path = HomeCategoriesViewCell.swift; sourceTree = "<group>"; };
		6577F5C0292796CA005E8F56 /* HomeCategoriesViewCell.xib */ = {isa = PBXFileReference; lastKnownFileType = file.xib; path = HomeCategoriesViewCell.xib; sourceTree = "<group>"; };
		65A80D8E292CB84E00EE6CF1 /* ProductClickedHandler.swift */ = {isa = PBXFileReference; lastKnownFileType = sourcecode.swift; path = ProductClickedHandler.swift; sourceTree = "<group>"; };
		65A80D91292CCB6400EE6CF1 /* ProfileScreenController.swift */ = {isa = PBXFileReference; lastKnownFileType = sourcecode.swift; path = ProfileScreenController.swift; sourceTree = "<group>"; };
		65F88A7D292B82F1008A517E /* CategoryDetailCell.swift */ = {isa = PBXFileReference; lastKnownFileType = sourcecode.swift; path = CategoryDetailCell.swift; sourceTree = "<group>"; };
		65F88A7E292B82F1008A517E /* CategoryDetailCell.xib */ = {isa = PBXFileReference; lastKnownFileType = file.xib; path = CategoryDetailCell.xib; sourceTree = "<group>"; };
		65F88A82292B86FF008A517E /* ProductListClickHandler.swift */ = {isa = PBXFileReference; lastKnownFileType = sourcecode.swift; path = ProductListClickHandler.swift; sourceTree = "<group>"; };
		65F88A85292B881C008A517E /* ProductListRepository.swift */ = {isa = PBXFileReference; lastKnownFileType = sourcecode.swift; path = ProductListRepository.swift; sourceTree = "<group>"; };
		66F768C908E1A75AE8D21548 /* Pods-ShopKartApp.debug.xcconfig */ = {isa = PBXFileReference; includeInIndex = 1; lastKnownFileType = text.xcconfig; name = "Pods-ShopKartApp.debug.xcconfig"; path = "Target Support Files/Pods-ShopKartApp/Pods-ShopKartApp.debug.xcconfig"; sourceTree = "<group>"; };
		CDE1DCD72887E2276FB602CB /* Pods-ShopKartApp.release.xcconfig */ = {isa = PBXFileReference; includeInIndex = 1; lastKnownFileType = text.xcconfig; name = "Pods-ShopKartApp.release.xcconfig"; path = "Target Support Files/Pods-ShopKartApp/Pods-ShopKartApp.release.xcconfig"; sourceTree = "<group>"; };
		FE1483DE0F7899DDCF1ACFC6 /* Pods_ShopKartApp.framework */ = {isa = PBXFileReference; explicitFileType = wrapper.framework; includeInIndex = 0; path = Pods_ShopKartApp.framework; sourceTree = BUILT_PRODUCTS_DIR; };
/* End PBXFileReference section */

/* Begin PBXFrameworksBuildPhase section */
		6525711D29273B9300D46BF2 /* Frameworks */ = {
			isa = PBXFrameworksBuildPhase;
			buildActionMask = 2147483647;
			files = (
				DBEAE87138E582CEF2BEB3AA /* Pods_ShopKartApp.framework in Frameworks */,
			);
			runOnlyForDeploymentPostprocessing = 0;
		};
/* End PBXFrameworksBuildPhase section */

/* Begin PBXGroup section */
		58910B3307C8477174525569 /* Frameworks */ = {
			isa = PBXGroup;
			children = (
				FE1483DE0F7899DDCF1ACFC6 /* Pods_ShopKartApp.framework */,
			);
			name = Frameworks;
			sourceTree = "<group>";
		};
		650190D3292BC41700AE97E7 /* homeScreen */ = {
			isa = PBXGroup;
			children = (
				650190D6292BC4E100AE97E7 /* cell */,
				650190D5292BC4A900AE97E7 /* repository */,
				650190D4292BC47C00AE97E7 /* protocols */,
				6525712729273B9300D46BF2 /* HomeViewController.swift */,
			);
			path = homeScreen;
			sourceTree = "<group>";
		};
		650190D4292BC47C00AE97E7 /* protocols */ = {
			isa = PBXGroup;
			children = (
				65686DF0292B667600FF8D20 /* CategoryClickedHandler.swift */,
				6525714629274A9100D46BF2 /* HomeDataRepository.swift */,
				65A80D8E292CB84E00EE6CF1 /* ProductClickedHandler.swift */,
			);
			path = protocols;
			sourceTree = "<group>";
		};
		650190D5292BC4A900AE97E7 /* repository */ = {
			isa = PBXGroup;
			children = (
				6525714329274A5600D46BF2 /* HomeDataRepositoryImpl.swift */,
			);
			path = repository;
			sourceTree = "<group>";
		};
		650190D6292BC4E100AE97E7 /* cell */ = {
			isa = PBXGroup;
			children = (
				650190D8292BC4F700AE97E7 /* bodyCell */,
				650190D7292BC4E800AE97E7 /* headerCell */,
			);
			path = cell;
			sourceTree = "<group>";
		};
		650190D7292BC4E800AE97E7 /* headerCell */ = {
			isa = PBXGroup;
			children = (
				6577F5BF292796CA005E8F56 /* HomeCategoriesViewCell.swift */,
				6577F5C0292796CA005E8F56 /* HomeCategoriesViewCell.xib */,
			);
			path = headerCell;
			sourceTree = "<group>";
		};
		650190D8292BC4F700AE97E7 /* bodyCell */ = {
			isa = PBXGroup;
			children = (
				6525713B2927432B00D46BF2 /* HomeTableViewCell.swift */,
				6525713C2927432B00D46BF2 /* HomeTableViewCell.xib */,
			);
			path = bodyCell;
			sourceTree = "<group>";
		};
		6506F62B292C8CED00A17AC3 /* ProductDetailScreen */ = {
			isa = PBXGroup;
			children = (
				6506F633292C990300A17AC3 /* protocols */,
				6506F630292C986D00A17AC3 /* repository */,
				6506F62D292C8D1600A17AC3 /* ProductDetailViewController.swift */,
			);
			path = ProductDetailScreen;
			sourceTree = "<group>";
		};
		6506F630292C986D00A17AC3 /* repository */ = {
			isa = PBXGroup;
			children = (
				6506F631292C988600A17AC3 /* ProductDetailRepository.swift */,
			);
			path = repository;
			sourceTree = "<group>";
		};
		6506F633292C990300A17AC3 /* protocols */ = {
			isa = PBXGroup;
			children = (
				6506F634292C992100A17AC3 /* ProductDetailDataProtocol.swift */,
			);
			path = protocols;
			sourceTree = "<group>";
		};
		6525711729273B9300D46BF2 = {
			isa = PBXGroup;
			children = (
				6525712229273B9300D46BF2 /* ShopKartApp */,
				6525712129273B9300D46BF2 /* Products */,
				C8591B032B1779DA32447D0D /* Pods */,
				58910B3307C8477174525569 /* Frameworks */,
			);
			sourceTree = "<group>";
		};
		6525712129273B9300D46BF2 /* Products */ = {
			isa = PBXGroup;
			children = (
				6525712029273B9300D46BF2 /* ShopKartApp.app */,
			);
			name = Products;
			sourceTree = "<group>";
		};
		6525712229273B9300D46BF2 /* ShopKartApp */ = {
			isa = PBXGroup;
			children = (
				6525713A292742F200D46BF2 /* view */,
				6525713F2927475300D46BF2 /* model */,
				652571482927550100D46BF2 /* utils */,
				6525712329273B9300D46BF2 /* AppDelegate.swift */,
				6525712529273B9300D46BF2 /* SceneDelegate.swift */,
				6525712929273B9300D46BF2 /* Main.storyboard */,
				6525712F29273B9400D46BF2 /* Assets.xcassets */,
				6525713129273B9400D46BF2 /* LaunchScreen.storyboard */,
				6525713429273B9400D46BF2 /* Info.plist */,
				6525712C29273B9300D46BF2 /* ShopKartApp.xcdatamodeld */,
			);
			path = ShopKartApp;
			sourceTree = "<group>";
		};
		6525713A292742F200D46BF2 /* view */ = {
			isa = PBXGroup;
			children = (
				65A80D90292CCB4800EE6CF1 /* ProfileScreen */,
				6506F62B292C8CED00A17AC3 /* ProductDetailScreen */,
				650190D3292BC41700AE97E7 /* homeScreen */,
				65686DF2292B69BC00FF8D20 /* ProductListScreen */,
			);
			path = view;
			sourceTree = "<group>";
		};
		6525713F2927475300D46BF2 /* model */ = {
			isa = PBXGroup;
			children = (
				652571402927476800D46BF2 /* Product.swift */,
			);
			path = model;
			sourceTree = "<group>";
		};
		652571482927550100D46BF2 /* utils */ = {
			isa = PBXGroup;
			children = (
				652571492927633C00D46BF2 /* ImageExtensions.swift */,
				6525714E29276B7500D46BF2 /* AppConstants.swift */,
			);
			path = utils;
			sourceTree = "<group>";
		};
		65686DF2292B69BC00FF8D20 /* ProductListScreen */ = {
			isa = PBXGroup;
			children = (
				65686DF3292B69F700FF8D20 /* ProductListViewController.swift */,
				65F88A84292B8806008A517E /* repository */,
				65F88A81292B86E6008A517E /* protocols */,
				65F88A7C292B82CF008A517E /* cells */,
			);
			path = ProductListScreen;
			sourceTree = "<group>";
		};
		65A80D90292CCB4800EE6CF1 /* ProfileScreen */ = {
			isa = PBXGroup;
			children = (
				65A80D91292CCB6400EE6CF1 /* ProfileScreenController.swift */,
			);
			path = ProfileScreen;
			sourceTree = "<group>";
		};
		65F88A7C292B82CF008A517E /* cells */ = {
			isa = PBXGroup;
			children = (
				65F88A7D292B82F1008A517E /* CategoryDetailCell.swift */,
				65F88A7E292B82F1008A517E /* CategoryDetailCell.xib */,
			);
			path = cells;
			sourceTree = "<group>";
		};
		65F88A81292B86E6008A517E /* protocols */ = {
			isa = PBXGroup;
			children = (
				65F88A82292B86FF008A517E /* ProductListClickHandler.swift */,
			);
			path = protocols;
			sourceTree = "<group>";
		};
		65F88A84292B8806008A517E /* repository */ = {
			isa = PBXGroup;
			children = (
				65F88A85292B881C008A517E /* ProductListRepository.swift */,
			);
			path = repository;
			sourceTree = "<group>";
		};
		C8591B032B1779DA32447D0D /* Pods */ = {
			isa = PBXGroup;
			children = (
				66F768C908E1A75AE8D21548 /* Pods-ShopKartApp.debug.xcconfig */,
				CDE1DCD72887E2276FB602CB /* Pods-ShopKartApp.release.xcconfig */,
			);
			path = Pods;
			sourceTree = "<group>";
		};
/* End PBXGroup section */

/* Begin PBXNativeTarget section */
		6525711F29273B9300D46BF2 /* ShopKartApp */ = {
			isa = PBXNativeTarget;
			buildConfigurationList = 6525713729273B9400D46BF2 /* Build configuration list for PBXNativeTarget "ShopKartApp" */;
			buildPhases = (
				ED36D383A81C61C30F0A8813 /* [CP] Check Pods Manifest.lock */,
				6525711C29273B9300D46BF2 /* Sources */,
				6525711D29273B9300D46BF2 /* Frameworks */,
				6525711E29273B9300D46BF2 /* Resources */,
				B8A0F40C5C8ECE9AA149937D /* [CP] Embed Pods Frameworks */,
			);
			buildRules = (
			);
			dependencies = (
			);
			name = ShopKartApp;
			productName = ShopKartApp;
			productReference = 6525712029273B9300D46BF2 /* ShopKartApp.app */;
			productType = "com.apple.product-type.application";
		};
/* End PBXNativeTarget section */

/* Begin PBXProject section */
		6525711829273B9300D46BF2 /* Project object */ = {
			isa = PBXProject;
			attributes = {
				BuildIndependentTargetsInParallel = 1;
				LastSwiftUpdateCheck = 1320;
				LastUpgradeCheck = 1320;
				TargetAttributes = {
					6525711F29273B9300D46BF2 = {
						CreatedOnToolsVersion = 13.2.1;
					};
				};
			};
			buildConfigurationList = 6525711B29273B9300D46BF2 /* Build configuration list for PBXProject "ShopKartApp" */;
			compatibilityVersion = "Xcode 13.0";
			developmentRegion = en;
			hasScannedForEncodings = 0;
			knownRegions = (
				en,
				Base,
			);
			mainGroup = 6525711729273B9300D46BF2;
			productRefGroup = 6525712129273B9300D46BF2 /* Products */;
			projectDirPath = "";
			projectRoot = "";
			targets = (
				6525711F29273B9300D46BF2 /* ShopKartApp */,
			);
		};
/* End PBXProject section */

/* Begin PBXResourcesBuildPhase section */
		6525711E29273B9300D46BF2 /* Resources */ = {
			isa = PBXResourcesBuildPhase;
			buildActionMask = 2147483647;
			files = (
				6525713329273B9400D46BF2 /* LaunchScreen.storyboard in Resources */,
				6525713029273B9400D46BF2 /* Assets.xcassets in Resources */,
				65F88A80292B82F1008A517E /* CategoryDetailCell.xib in Resources */,
				6525713E2927432B00D46BF2 /* HomeTableViewCell.xib in Resources */,
				6577F5C2292796CA005E8F56 /* HomeCategoriesViewCell.xib in Resources */,
				6525712B29273B9300D46BF2 /* Main.storyboard in Resources */,
			);
			runOnlyForDeploymentPostprocessing = 0;
		};
/* End PBXResourcesBuildPhase section */

/* Begin PBXShellScriptBuildPhase section */
		B8A0F40C5C8ECE9AA149937D /* [CP] Embed Pods Frameworks */ = {
			isa = PBXShellScriptBuildPhase;
			buildActionMask = 2147483647;
			files = (
			);
			inputFileListPaths = (
				"${PODS_ROOT}/Target Support Files/Pods-ShopKartApp/Pods-ShopKartApp-frameworks-${CONFIGURATION}-input-files.xcfilelist",
			);
			name = "[CP] Embed Pods Frameworks";
			outputFileListPaths = (
				"${PODS_ROOT}/Target Support Files/Pods-ShopKartApp/Pods-ShopKartApp-frameworks-${CONFIGURATION}-output-files.xcfilelist",
			);
			runOnlyForDeploymentPostprocessing = 0;
			shellPath = /bin/sh;
			shellScript = "\"${PODS_ROOT}/Target Support Files/Pods-ShopKartApp/Pods-ShopKartApp-frameworks.sh\"\n";
			showEnvVarsInLog = 0;
		};
		ED36D383A81C61C30F0A8813 /* [CP] Check Pods Manifest.lock */ = {
			isa = PBXShellScriptBuildPhase;
			buildActionMask = 2147483647;
			files = (
			);
			inputFileListPaths = (
			);
			inputPaths = (
				"${PODS_PODFILE_DIR_PATH}/Podfile.lock",
				"${PODS_ROOT}/Manifest.lock",
			);
			name = "[CP] Check Pods Manifest.lock";
			outputFileListPaths = (
			);
			outputPaths = (
				"$(DERIVED_FILE_DIR)/Pods-ShopKartApp-checkManifestLockResult.txt",
			);
			runOnlyForDeploymentPostprocessing = 0;
			shellPath = /bin/sh;
			shellScript = "diff \"${PODS_PODFILE_DIR_PATH}/Podfile.lock\" \"${PODS_ROOT}/Manifest.lock\" > /dev/null\nif [ $? != 0 ] ; then\n    # print error to STDERR\n    echo \"error: The sandbox is not in sync with the Podfile.lock. Run 'pod install' or update your CocoaPods installation.\" >&2\n    exit 1\nfi\n# This output is used by Xcode 'outputs' to avoid re-running this script phase.\necho \"SUCCESS\" > \"${SCRIPT_OUTPUT_FILE_0}\"\n";
			showEnvVarsInLog = 0;
		};
/* End PBXShellScriptBuildPhase section */

/* Begin PBXSourcesBuildPhase section */
		6525711C29273B9300D46BF2 /* Sources */ = {
			isa = PBXSourcesBuildPhase;
			buildActionMask = 2147483647;
			files = (
				6525714429274A5600D46BF2 /* HomeDataRepositoryImpl.swift in Sources */,
				65F88A7F292B82F1008A517E /* CategoryDetailCell.swift in Sources */,
				6577F5C1292796CA005E8F56 /* HomeCategoriesViewCell.swift in Sources */,
				6525712829273B9300D46BF2 /* HomeViewController.swift in Sources */,
				6525713D2927432B00D46BF2 /* HomeTableViewCell.swift in Sources */,
				6525714F29276B7500D46BF2 /* AppConstants.swift in Sources */,
				6525712E29273B9300D46BF2 /* ShopKartApp.xcdatamodeld in Sources */,
				65F88A83292B86FF008A517E /* ProductListClickHandler.swift in Sources */,
				6506F632292C988600A17AC3 /* ProductDetailRepository.swift in Sources */,
				6525712429273B9300D46BF2 /* AppDelegate.swift in Sources */,
				6506F635292C992100A17AC3 /* ProductDetailDataProtocol.swift in Sources */,
				65A80D92292CCB6400EE6CF1 /* ProfileScreenController.swift in Sources */,
				65686DF1292B667600FF8D20 /* CategoryClickedHandler.swift in Sources */,
				6506F62E292C8D1600A17AC3 /* ProductDetailViewController.swift in Sources */,
				6525712629273B9300D46BF2 /* SceneDelegate.swift in Sources */,
				65F88A86292B881C008A517E /* ProductListRepository.swift in Sources */,
				6525714A2927633C00D46BF2 /* ImageExtensions.swift in Sources */,
				65A80D8F292CB84E00EE6CF1 /* ProductClickedHandler.swift in Sources */,
				6525714729274A9100D46BF2 /* HomeDataRepository.swift in Sources */,
				652571412927476800D46BF2 /* Product.swift in Sources */,
				65686DF4292B69F700FF8D20 /* ProductListViewController.swift in Sources */,
			);
			runOnlyForDeploymentPostprocessing = 0;
		};
/* End PBXSourcesBuildPhase section */

/* Begin PBXVariantGroup section */
		6525712929273B9300D46BF2 /* Main.storyboard */ = {
			isa = PBXVariantGroup;
			children = (
				6525712A29273B9300D46BF2 /* Base */,
			);
			name = Main.storyboard;
			sourceTree = "<group>";
		};
		6525713129273B9400D46BF2 /* LaunchScreen.storyboard */ = {
			isa = PBXVariantGroup;
			children = (
				6525713229273B9400D46BF2 /* Base */,
			);
			name = LaunchScreen.storyboard;
			sourceTree = "<group>";
		};
/* End PBXVariantGroup section */

/* Begin XCBuildConfiguration section */
		6525713529273B9400D46BF2 /* Debug */ = {
			isa = XCBuildConfiguration;
			buildSettings = {
				ALWAYS_SEARCH_USER_PATHS = NO;
				CLANG_ANALYZER_NONNULL = YES;
				CLANG_ANALYZER_NUMBER_OBJECT_CONVERSION = YES_AGGRESSIVE;
				CLANG_CXX_LANGUAGE_STANDARD = "gnu++17";
				CLANG_CXX_LIBRARY = "libc++";
				CLANG_ENABLE_MODULES = YES;
				CLANG_ENABLE_OBJC_ARC = YES;
				CLANG_ENABLE_OBJC_WEAK = YES;
				CLANG_WARN_BLOCK_CAPTURE_AUTORELEASING = YES;
				CLANG_WARN_BOOL_CONVERSION = YES;
				CLANG_WARN_COMMA = YES;
				CLANG_WARN_CONSTANT_CONVERSION = YES;
				CLANG_WARN_DEPRECATED_OBJC_IMPLEMENTATIONS = YES;
				CLANG_WARN_DIRECT_OBJC_ISA_USAGE = YES_ERROR;
				CLANG_WARN_DOCUMENTATION_COMMENTS = YES;
				CLANG_WARN_EMPTY_BODY = YES;
				CLANG_WARN_ENUM_CONVERSION = YES;
				CLANG_WARN_INFINITE_RECURSION = YES;
				CLANG_WARN_INT_CONVERSION = YES;
				CLANG_WARN_NON_LITERAL_NULL_CONVERSION = YES;
				CLANG_WARN_OBJC_IMPLICIT_RETAIN_SELF = YES;
				CLANG_WARN_OBJC_LITERAL_CONVERSION = YES;
				CLANG_WARN_OBJC_ROOT_CLASS = YES_ERROR;
				CLANG_WARN_QUOTED_INCLUDE_IN_FRAMEWORK_HEADER = YES;
				CLANG_WARN_RANGE_LOOP_ANALYSIS = YES;
				CLANG_WARN_STRICT_PROTOTYPES = YES;
				CLANG_WARN_SUSPICIOUS_MOVE = YES;
				CLANG_WARN_UNGUARDED_AVAILABILITY = YES_AGGRESSIVE;
				CLANG_WARN_UNREACHABLE_CODE = YES;
				CLANG_WARN__DUPLICATE_METHOD_MATCH = YES;
				COPY_PHASE_STRIP = NO;
				DEBUG_INFORMATION_FORMAT = dwarf;
				ENABLE_STRICT_OBJC_MSGSEND = YES;
				ENABLE_TESTABILITY = YES;
				GCC_C_LANGUAGE_STANDARD = gnu11;
				GCC_DYNAMIC_NO_PIC = NO;
				GCC_NO_COMMON_BLOCKS = YES;
				GCC_OPTIMIZATION_LEVEL = 0;
				GCC_PREPROCESSOR_DEFINITIONS = (
					"DEBUG=1",
					"$(inherited)",
				);
				GCC_WARN_64_TO_32_BIT_CONVERSION = YES;
				GCC_WARN_ABOUT_RETURN_TYPE = YES_ERROR;
				GCC_WARN_UNDECLARED_SELECTOR = YES;
				GCC_WARN_UNINITIALIZED_AUTOS = YES_AGGRESSIVE;
				GCC_WARN_UNUSED_FUNCTION = YES;
				GCC_WARN_UNUSED_VARIABLE = YES;
				IPHONEOS_DEPLOYMENT_TARGET = 15.2;
				MTL_ENABLE_DEBUG_INFO = INCLUDE_SOURCE;
				MTL_FAST_MATH = YES;
				ONLY_ACTIVE_ARCH = YES;
				SDKROOT = iphoneos;
				SWIFT_ACTIVE_COMPILATION_CONDITIONS = DEBUG;
				SWIFT_OPTIMIZATION_LEVEL = "-Onone";
			};
			name = Debug;
		};
		6525713629273B9400D46BF2 /* Release */ = {
			isa = XCBuildConfiguration;
			buildSettings = {
				ALWAYS_SEARCH_USER_PATHS = NO;
				CLANG_ANALYZER_NONNULL = YES;
				CLANG_ANALYZER_NUMBER_OBJECT_CONVERSION = YES_AGGRESSIVE;
				CLANG_CXX_LANGUAGE_STANDARD = "gnu++17";
				CLANG_CXX_LIBRARY = "libc++";
				CLANG_ENABLE_MODULES = YES;
				CLANG_ENABLE_OBJC_ARC = YES;
				CLANG_ENABLE_OBJC_WEAK = YES;
				CLANG_WARN_BLOCK_CAPTURE_AUTORELEASING = YES;
				CLANG_WARN_BOOL_CONVERSION = YES;
				CLANG_WARN_COMMA = YES;
				CLANG_WARN_CONSTANT_CONVERSION = YES;
				CLANG_WARN_DEPRECATED_OBJC_IMPLEMENTATIONS = YES;
				CLANG_WARN_DIRECT_OBJC_ISA_USAGE = YES_ERROR;
				CLANG_WARN_DOCUMENTATION_COMMENTS = YES;
				CLANG_WARN_EMPTY_BODY = YES;
				CLANG_WARN_ENUM_CONVERSION = YES;
				CLANG_WARN_INFINITE_RECURSION = YES;
				CLANG_WARN_INT_CONVERSION = YES;
				CLANG_WARN_NON_LITERAL_NULL_CONVERSION = YES;
				CLANG_WARN_OBJC_IMPLICIT_RETAIN_SELF = YES;
				CLANG_WARN_OBJC_LITERAL_CONVERSION = YES;
				CLANG_WARN_OBJC_ROOT_CLASS = YES_ERROR;
				CLANG_WARN_QUOTED_INCLUDE_IN_FRAMEWORK_HEADER = YES;
				CLANG_WARN_RANGE_LOOP_ANALYSIS = YES;
				CLANG_WARN_STRICT_PROTOTYPES = YES;
				CLANG_WARN_SUSPICIOUS_MOVE = YES;
				CLANG_WARN_UNGUARDED_AVAILABILITY = YES_AGGRESSIVE;
				CLANG_WARN_UNREACHABLE_CODE = YES;
				CLANG_WARN__DUPLICATE_METHOD_MATCH = YES;
				COPY_PHASE_STRIP = NO;
				DEBUG_INFORMATION_FORMAT = "dwarf-with-dsym";
				ENABLE_NS_ASSERTIONS = NO;
				ENABLE_STRICT_OBJC_MSGSEND = YES;
				GCC_C_LANGUAGE_STANDARD = gnu11;
				GCC_NO_COMMON_BLOCKS = YES;
				GCC_WARN_64_TO_32_BIT_CONVERSION = YES;
				GCC_WARN_ABOUT_RETURN_TYPE = YES_ERROR;
				GCC_WARN_UNDECLARED_SELECTOR = YES;
				GCC_WARN_UNINITIALIZED_AUTOS = YES_AGGRESSIVE;
				GCC_WARN_UNUSED_FUNCTION = YES;
				GCC_WARN_UNUSED_VARIABLE = YES;
				IPHONEOS_DEPLOYMENT_TARGET = 15.2;
				MTL_ENABLE_DEBUG_INFO = NO;
				MTL_FAST_MATH = YES;
				SDKROOT = iphoneos;
				SWIFT_COMPILATION_MODE = wholemodule;
				SWIFT_OPTIMIZATION_LEVEL = "-O";
				VALIDATE_PRODUCT = YES;
			};
			name = Release;
		};
		6525713829273B9400D46BF2 /* Debug */ = {
			isa = XCBuildConfiguration;
			baseConfigurationReference = 66F768C908E1A75AE8D21548 /* Pods-ShopKartApp.debug.xcconfig */;
			buildSettings = {
				ASSETCATALOG_COMPILER_APPICON_NAME = AppIcon;
				ASSETCATALOG_COMPILER_GLOBAL_ACCENT_COLOR_NAME = AccentColor;
				CODE_SIGN_STYLE = Automatic;
				CURRENT_PROJECT_VERSION = 1;
				DEVELOPMENT_TEAM = VKTMS378RX;
				GENERATE_INFOPLIST_FILE = YES;
				INFOPLIST_FILE = ShopKartApp/Info.plist;
				INFOPLIST_KEY_UIApplicationSupportsIndirectInputEvents = YES;
				INFOPLIST_KEY_UILaunchStoryboardName = LaunchScreen;
				INFOPLIST_KEY_UIMainStoryboardFile = Main;
				INFOPLIST_KEY_UISupportedInterfaceOrientations_iPad = "UIInterfaceOrientationPortrait UIInterfaceOrientationPortraitUpsideDown UIInterfaceOrientationLandscapeLeft UIInterfaceOrientationLandscapeRight";
				INFOPLIST_KEY_UISupportedInterfaceOrientations_iPhone = "UIInterfaceOrientationPortrait UIInterfaceOrientationLandscapeLeft UIInterfaceOrientationLandscapeRight";
				LD_RUNPATH_SEARCH_PATHS = (
					"$(inherited)",
					"@executable_path/Frameworks",
				);
				MARKETING_VERSION = 1.0;
				PRODUCT_BUNDLE_IDENTIFIER = com.ashok.kanigiri.notesApp.ShopKartApp;
				PRODUCT_NAME = "$(TARGET_NAME)";
				SWIFT_EMIT_LOC_STRINGS = YES;
				SWIFT_VERSION = 5.0;
				TARGETED_DEVICE_FAMILY = "1,2";
			};
			name = Debug;
		};
		6525713929273B9400D46BF2 /* Release */ = {
			isa = XCBuildConfiguration;
			baseConfigurationReference = CDE1DCD72887E2276FB602CB /* Pods-ShopKartApp.release.xcconfig */;
			buildSettings = {
				ASSETCATALOG_COMPILER_APPICON_NAME = AppIcon;
				ASSETCATALOG_COMPILER_GLOBAL_ACCENT_COLOR_NAME = AccentColor;
				CODE_SIGN_STYLE = Automatic;
				CURRENT_PROJECT_VERSION = 1;
				DEVELOPMENT_TEAM = VKTMS378RX;
				GENERATE_INFOPLIST_FILE = YES;
				INFOPLIST_FILE = ShopKartApp/Info.plist;
				INFOPLIST_KEY_UIApplicationSupportsIndirectInputEvents = YES;
				INFOPLIST_KEY_UILaunchStoryboardName = LaunchScreen;
				INFOPLIST_KEY_UIMainStoryboardFile = Main;
				INFOPLIST_KEY_UISupportedInterfaceOrientations_iPad = "UIInterfaceOrientationPortrait UIInterfaceOrientationPortraitUpsideDown UIInterfaceOrientationLandscapeLeft UIInterfaceOrientationLandscapeRight";
				INFOPLIST_KEY_UISupportedInterfaceOrientations_iPhone = "UIInterfaceOrientationPortrait UIInterfaceOrientationLandscapeLeft UIInterfaceOrientationLandscapeRight";
				LD_RUNPATH_SEARCH_PATHS = (
					"$(inherited)",
					"@executable_path/Frameworks",
				);
				MARKETING_VERSION = 1.0;
				PRODUCT_BUNDLE_IDENTIFIER = com.ashok.kanigiri.notesApp.ShopKartApp;
				PRODUCT_NAME = "$(TARGET_NAME)";
				SWIFT_EMIT_LOC_STRINGS = YES;
				SWIFT_VERSION = 5.0;
				TARGETED_DEVICE_FAMILY = "1,2";
			};
			name = Release;
		};
/* End XCBuildConfiguration section */

/* Begin XCConfigurationList section */
		6525711B29273B9300D46BF2 /* Build configuration list for PBXProject "ShopKartApp" */ = {
			isa = XCConfigurationList;
			buildConfigurations = (
				6525713529273B9400D46BF2 /* Debug */,
				6525713629273B9400D46BF2 /* Release */,
			);
			defaultConfigurationIsVisible = 0;
			defaultConfigurationName = Release;
		};
		6525713729273B9400D46BF2 /* Build configuration list for PBXNativeTarget "ShopKartApp" */ = {
			isa = XCConfigurationList;
			buildConfigurations = (
				6525713829273B9400D46BF2 /* Debug */,
				6525713929273B9400D46BF2 /* Release */,
			);
			defaultConfigurationIsVisible = 0;
			defaultConfigurationName = Release;
		};
/* End XCConfigurationList section */

/* Begin XCVersionGroup section */
		6525712C29273B9300D46BF2 /* ShopKartApp.xcdatamodeld */ = {
			isa = XCVersionGroup;
			children = (
				6525712D29273B9300D46BF2 /* ShopKartApp.xcdatamodel */,
			);
			currentVersion = 6525712D29273B9300D46BF2 /* ShopKartApp.xcdatamodel */;
			path = ShopKartApp.xcdatamodeld;
			sourceTree = "<group>";
			versionGroupType = wrapper.xcdatamodel;
		};
/* End XCVersionGroup section */
	};
	rootObject = 6525711829273B9300D46BF2 /* Project object */;
}
